// !$*UTF8*$!
{
	archiveVersion = 1;
	classes = {
	};
	objectVersion = 46;
	objects = {

/* Begin PBXBuildFile section */
		BCE8C1F31BEA412500EFDC9B /* main.m in Sources */ = {isa = PBXBuildFile; fileRef = BCE8C1F21BEA412500EFDC9B /* main.m */; };
		BCE8C1F61BEA412500EFDC9B /* AppDelegate.m in Sources */ = {isa = PBXBuildFile; fileRef = BCE8C1F51BEA412500EFDC9B /* AppDelegate.m */; };
		BCE8C1F91BEA412500EFDC9B /* ViewController.m in Sources */ = {isa = PBXBuildFile; fileRef = BCE8C1F81BEA412500EFDC9B /* ViewController.m */; };
		BCE8C1FC1BEA412500EFDC9B /* Main.storyboard in Resources */ = {isa = PBXBuildFile; fileRef = BCE8C1FA1BEA412500EFDC9B /* Main.storyboard */; };
		BCE8C1FE1BEA412500EFDC9B /* Images.xcassets in Resources */ = {isa = PBXBuildFile; fileRef = BCE8C1FD1BEA412500EFDC9B /* Images.xcassets */; };
		BCE8C2011BEA412500EFDC9B /* LaunchScreen.xib in Resources */ = {isa = PBXBuildFile; fileRef = BCE8C1FF1BEA412500EFDC9B /* LaunchScreen.xib */; };
		BCE8C20D1BEA412500EFDC9B /* LoginDemoTests.m in Sources */ = {isa = PBXBuildFile; fileRef = BCE8C20C1BEA412500EFDC9B /* LoginDemoTests.m */; };
/* End PBXBuildFile section */

/* Begin PBXContainerItemProxy section */
		BCE8C2071BEA412500EFDC9B /* PBXContainerItemProxy */ = {
			isa = PBXContainerItemProxy;
			containerPortal = BCE8C1E51BEA412500EFDC9B /* Project object */;
			proxyType = 1;
			remoteGlobalIDString = BCE8C1EC1BEA412500EFDC9B;
			remoteInfo = LoginDemo;
		};
/* End PBXContainerItemProxy section */

/* Begin PBXFileReference section */
		BCE8C1ED1BEA412500EFDC9B /* LoginDemo.app */ = {isa = PBXFileReference; explicitFileType = wrapper.application; includeInIndex = 0; path = LoginDemo.app; sourceTree = BUILT_PRODUCTS_DIR; };
		BCE8C1F11BEA412500EFDC9B /* Info.plist */ = {isa = PBXFileReference; lastKnownFileType = text.plist.xml; path = Info.plist; sourceTree = "<group>"; };
		BCE8C1F21BEA412500EFDC9B /* main.m */ = {isa = PBXFileReference; lastKnownFileType = sourcecode.c.objc; path = main.m; sourceTree = "<group>"; };
		BCE8C1F41BEA412500EFDC9B /* AppDelegate.h */ = {isa = PBXFileReference; lastKnownFileType = sourcecode.c.h; path = AppDelegate.h; sourceTree = "<group>"; };
		BCE8C1F51BEA412500EFDC9B /* AppDelegate.m */ = {isa = PBXFileReference; lastKnownFileType = sourcecode.c.objc; path = AppDelegate.m; sourceTree = "<group>"; };
		BCE8C1F71BEA412500EFDC9B /* ViewController.h */ = {isa = PBXFileReference; lastKnownFileType = sourcecode.c.h; path = ViewController.h; sourceTree = "<group>"; };
		BCE8C1F81BEA412500EFDC9B /* ViewController.m */ = {isa = PBXFileReference; lastKnownFileType = sourcecode.c.objc; path = ViewController.m; sourceTree = "<group>"; };
		BCE8C1FB1BEA412500EFDC9B /* Base */ = {isa = PBXFileReference; lastKnownFileType = file.storyboard; name = Base; path = Base.lproj/Main.storyboard; sourceTree = "<group>"; };
		BCE8C1FD1BEA412500EFDC9B /* Images.xcassets */ = {isa = PBXFileReference; lastKnownFileType = folder.assetcatalog; path = Images.xcassets; sourceTree = "<group>"; };
		BCE8C2001BEA412500EFDC9B /* Base */ = {isa = PBXFileReference; lastKnownFileType = file.xib; name = Base; path = Base.lproj/LaunchScreen.xib; sourceTree = "<group>"; };
		BCE8C2061BEA412500EFDC9B /* LoginDemoTests.xctest */ = {isa = PBXFileReference; explicitFileType = wrapper.cfbundle; includeInIndex = 0; path = LoginDemoTests.xctest; sourceTree = BUILT_PRODUCTS_DIR; };
		BCE8C20B1BEA412500EFDC9B /* Info.plist */ = {isa = PBXFileReference; lastKnownFileType = text.plist.xml; path = Info.plist; sourceTree = "<group>"; };
		BCE8C20C1BEA412500EFDC9B /* LoginDemoTests.m */ = {isa = PBXFileReference; lastKnownFileType = sourcecode.c.objc; path = LoginDemoTests.m; sourceTree = "<group>"; };
/* End PBXFileReference section */

/* Begin PBXFrameworksBuildPhase section */
		BCE8C1EA1BEA412500EFDC9B /* Frameworks */ = {
			isa = PBXFrameworksBuildPhase;
			buildActionMask = 2147483647;
			files = (
			);
			runOnlyForDeploymentPostprocessing = 0;
		};
		BCE8C2031BEA412500EFDC9B /* Frameworks */ = {
			isa = PBXFrameworksBuildPhase;
			buildActionMask = 2147483647;
			files = (
			);
			runOnlyForDeploymentPostprocessing = 0;
		};
/* End PBXFrameworksBuildPhase section */

/* Begin PBXGroup section */
		BCE8C1E41BEA412500EFDC9B = {
			isa = PBXGroup;
			children = (
				BCE8C1EF1BEA412500EFDC9B /* LoginDemo */,
				BCE8C2091BEA412500EFDC9B /* LoginDemoTests */,
				BCE8C1EE1BEA412500EFDC9B /* Products */,
			);
			sourceTree = "<group>";
		};
		BCE8C1EE1BEA412500EFDC9B /* Products */ = {
			isa = PBXGroup;
			children = (
				BCE8C1ED1BEA412500EFDC9B /* LoginDemo.app */,
				BCE8C2061BEA412500EFDC9B /* LoginDemoTests.xctest */,
			);
			name = Products;
			sourceTree = "<group>";
		};
		BCE8C1EF1BEA412500EFDC9B /* LoginDemo */ = {
			isa = PBXGroup;
			children = (
				BCE8C1F41BEA412500EFDC9B /* AppDelegate.h */,
				BCE8C1F51BEA412500EFDC9B /* AppDelegate.m */,
				BCE8C1F71BEA412500EFDC9B /* ViewController.h */,
				BCE8C1F81BEA412500EFDC9B /* ViewController.m */,
				BCE8C1FA1BEA412500EFDC9B /* Main.storyboard */,
				BCE8C1FD1BEA412500EFDC9B /* Images.xcassets */,
				BCE8C1FF1BEA412500EFDC9B /* LaunchScreen.xib */,
				BCE8C1F01BEA412500EFDC9B /* Supporting Files */,
			);
			path = LoginDemo;
			sourceTree = "<group>";
		};
		BCE8C1F01BEA412500EFDC9B /* Supporting Files */ = {
			isa = PBXGroup;
			children = (
				BCE8C1F11BEA412500EFDC9B /* Info.plist */,
				BCE8C1F21BEA412500EFDC9B /* main.m */,
			);
			name = "Supporting Files";
			sourceTree = "<group>";
		};
		BCE8C2091BEA412500EFDC9B /* LoginDemoTests */ = {
			isa = PBXGroup;
			children = (
				BCE8C20C1BEA412500EFDC9B /* LoginDemoTests.m */,
				BCE8C20A1BEA412500EFDC9B /* Supporting Files */,
			);
			path = LoginDemoTests;
			sourceTree = "<group>";
		};
		BCE8C20A1BEA412500EFDC9B /* Supporting Files */ = {
			isa = PBXGroup;
			children = (
				BCE8C20B1BEA412500EFDC9B /* Info.plist */,
			);
			name = "Supporting Files";
			sourceTree = "<group>";
		};
/* End PBXGroup section */

/* Begin PBXNativeTarget section */
		BCE8C1EC1BEA412500EFDC9B /* LoginDemo */ = {
			isa = PBXNativeTarget;
			buildConfigurationList = BCE8C2101BEA412500EFDC9B /* Build configuration list for PBXNativeTarget "LoginDemo" */;
			buildPhases = (
				BCE8C1E91BEA412500EFDC9B /* Sources */,
				BCE8C1EA1BEA412500EFDC9B /* Frameworks */,
				BCE8C1EB1BEA412500EFDC9B /* Resources */,
			);
			buildRules = (
			);
			dependencies = (
			);
			name = LoginDemo;
			productName = LoginDemo;
			productReference = BCE8C1ED1BEA412500EFDC9B /* LoginDemo.app */;
			productType = "com.apple.product-type.application";
		};
		BCE8C2051BEA412500EFDC9B /* LoginDemoTests */ = {
			isa = PBXNativeTarget;
			buildConfigurationList = BCE8C2131BEA412500EFDC9B /* Build configuration list for PBXNativeTarget "LoginDemoTests" */;
			buildPhases = (
				BCE8C2021BEA412500EFDC9B /* Sources */,
				BCE8C2031BEA412500EFDC9B /* Frameworks */,
				BCE8C2041BEA412500EFDC9B /* Resources */,
			);
			buildRules = (
			);
			dependencies = (
				BCE8C2081BEA412500EFDC9B /* PBXTargetDependency */,
			);
			name = LoginDemoTests;
			productName = LoginDemoTests;
			productReference = BCE8C2061BEA412500EFDC9B /* LoginDemoTests.xctest */;
			productType = "com.apple.product-type.bundle.unit-test";
		};
/* End PBXNativeTarget section */

/* Begin PBXProject section */
		BCE8C1E51BEA412500EFDC9B /* Project object */ = {
			isa = PBXProject;
			attributes = {
				LastUpgradeCheck = 0640;
				ORGANIZATIONNAME = Yiqi.Yang;
				TargetAttributes = {
					BCE8C1EC1BEA412500EFDC9B = {
						CreatedOnToolsVersion = 6.4;
					};
					BCE8C2051BEA412500EFDC9B = {
						CreatedOnToolsVersion = 6.4;
						TestTargetID = BCE8C1EC1BEA412500EFDC9B;
					};
				};
			};
			buildConfigurationList = BCE8C1E81BEA412500EFDC9B /* Build configuration list for PBXProject "LoginDemo" */;
			compatibilityVersion = "Xcode 3.2";
			developmentRegion = English;
			hasScannedForEncodings = 0;
			knownRegions = (
				en,
				Base,
			);
			mainGroup = BCE8C1E41BEA412500EFDC9B;
			productRefGroup = BCE8C1EE1BEA412500EFDC9B /* Products */;
			projectDirPath = "";
			projectRoot = "";
			targets = (
				BCE8C1EC1BEA412500EFDC9B /* LoginDemo */,
				BCE8C2051BEA412500EFDC9B /* LoginDemoTests */,
			);
		};
/* End PBXProject section */

/* Begin PBXResourcesBuildPhase section */
		BCE8C1EB1BEA412500EFDC9B /* Resources */ = {
			isa = PBXResourcesBuildPhase;
			buildActionMask = 2147483647;
			files = (
				BCE8C1FC1BEA412500EFDC9B /* Main.storyboard in Resources */,
				BCE8C2011BEA412500EFDC9B /* LaunchScreen.xib in Resources */,
				BCE8C1FE1BEA412500EFDC9B /* Images.xcassets in Resources */,
			);
			runOnlyForDeploymentPostprocessing = 0;
		};
		BCE8C2041BEA412500EFDC9B /* Resources */ = {
			isa = PBXResourcesBuildPhase;
			buildActionMask = 2147483647;
			files = (
			);
			runOnlyForDeploymentPostprocessing = 0;
		};
/* End PBXResourcesBuildPhase section */

/* Begin PBXSourcesBuildPhase section */
		BCE8C1E91BEA412500EFDC9B /* Sources */ = {
			isa = PBXSourcesBuildPhase;
			buildActionMask = 2147483647;
			files = (
				BCE8C1F91BEA412500EFDC9B /* ViewController.m in Sources */,
				BCE8C1F61BEA412500EFDC9B /* AppDelegate.m in Sources */,
				BCE8C1F31BEA412500EFDC9B /* main.m in Sources */,
			);
			runOnlyForDeploymentPostprocessing = 0;
		};
		BCE8C2021BEA412500EFDC9B /* Sources */ = {
			isa = PBXSourcesBuildPhase;
			buildActionMask = 2147483647;
			files = (
				BCE8C20D1BEA412500EFDC9B /* LoginDemoTests.m in Sources */,
			);
			runOnlyForDeploymentPostprocessing = 0;
		};
/* End PBXSourcesBuildPhase section */

/* Begin PBXTargetDependency section */
		BCE8C2081BEA412500EFDC9B /* PBXTargetDependency */ = {
			isa = PBXTargetDependency;
			target = BCE8C1EC1BEA412500EFDC9B /* LoginDemo */;
			targetProxy = BCE8C2071BEA412500EFDC9B /* PBXContainerItemProxy */;
		};
/* End PBXTargetDependency section */

/* Begin PBXVariantGroup section */
		BCE8C1FA1BEA412500EFDC9B /* Main.storyboard */ = {
			isa = PBXVariantGroup;
			children = (
				BCE8C1FB1BEA412500EFDC9B /* Base */,
			);
			name = Main.storyboard;
			sourceTree = "<group>";
		};
		BCE8C1FF1BEA412500EFDC9B /* LaunchScreen.xib */ = {
			isa = PBXVariantGroup;
			children = (
				BCE8C2001BEA412500EFDC9B /* Base */,
			);
			name = LaunchScreen.xib;
			sourceTree = "<group>";
		};
/* End PBXVariantGroup section */

/* Begin XCBuildConfiguration section */
		BCE8C20E1BEA412500EFDC9B /* Debug */ = {
			isa = XCBuildConfiguration;
			buildSettings = {
				ALWAYS_SEARCH_USER_PATHS = NO;
				CLANG_CXX_LANGUAGE_STANDARD = "gnu++0x";
				CLANG_CXX_LIBRARY = "libc++";
				CLANG_ENABLE_MODULES = YES;
				CLANG_ENABLE_OBJC_ARC = YES;
				CLANG_WARN_BOOL_CONVERSION = YES;
				CLANG_WARN_CONSTANT_CONVERSION = YES;
				CLANG_WARN_DIRECT_OBJC_ISA_USAGE = YES_ERROR;
				CLANG_WARN_EMPTY_BODY = YES;
				CLANG_WARN_ENUM_CONVERSION = YES;
				CLANG_WARN_INT_CONVERSION = YES;
				CLANG_WARN_OBJC_ROOT_CLASS = YES_ERROR;
				CLANG_WARN_UNREACHABLE_CODE = YES;
				CLANG_WARN__DUPLICATE_METHOD_MATCH = YES;
				"CODE_SIGN_IDENTITY[sdk=iphoneos*]" = "iPhone Developer";
				COPY_PHASE_STRIP = NO;
				DEBUG_INFORMATION_FORMAT = "dwarf-with-dsym";
				ENABLE_STRICT_OBJC_MSGSEND = YES;
				GCC_C_LANGUAGE_STANDARD = gnu99;
				GCC_DYNAMIC_NO_PIC = NO;
				GCC_NO_COMMON_BLOCKS = YES;
				GCC_OPTIMIZATION_LEVEL = 0;
				GCC_PREPROCESSOR_DEFINITIONS = (
					"DEBUG=1",
					"$(inherited)",
				);
				GCC_SYMBOLS_PRIVATE_EXTERN = NO;
				GCC_WARN_64_TO_32_BIT_CONVERSION = YES;
				GCC_WARN_ABOUT_RETURN_TYPE = YES_ERROR;
				GCC_WARN_UNDECLARED_SELECTOR = YES;
				GCC_WARN_UNINITIALIZED_AUTOS = YES_AGGRESSIVE;
				GCC_WARN_UNUSED_FUNCTION = YES;
				GCC_WARN_UNUSED_VARIABLE = YES;
				IPHONEOS_DEPLOYMENT_TARGET = 8.4;
				MTL_ENABLE_DEBUG_INFO = YES;
				ONLY_ACTIVE_ARCH = YES;
				SDKROOT = iphoneos;
				TARGETED_DEVICE_FAMILY = "1,2";
			};
			name = Debug;
		};
		BCE8C20F1BEA412500EFDC9B /* Release */ = {
			isa = XCBuildConfiguration;
			buildSettings = {
				ALWAYS_SEARCH_USER_PATHS = NO;
				CLANG_CXX_LANGUAGE_STANDARD = "gnu++0x";
				CLANG_CXX_LIBRARY = "libc++";
				CLANG_ENABLE_MODULES = YES;
				CLANG_ENABLE_OBJC_ARC = YES;
				CLANG_WARN_BOOL_CONVERSION = YES;
				CLANG_WARN_CONSTANT_CONVERSION = YES;
				CLANG_WARN_DIRECT_OBJC_ISA_USAGE = YES_ERROR;
				CLANG_WARN_EMPTY_BODY = YES;
				CLANG_WARN_ENUM_CONVERSION = YES;
				CLANG_WARN_INT_CONVERSION = YES;
				CLANG_WARN_OBJC_ROOT_CLASS = YES_ERROR;
				CLANG_WARN_UNREACHABLE_CODE = YES;
				CLANG_WARN__DUPLICATE_METHOD_MATCH = YES;
				"CODE_SIGN_IDENTITY[sdk=iphoneos*]" = "iPhone Developer";
				COPY_PHASE_STRIP = NO;
				DEBUG_INFORMATION_FORMAT = "dwarf-with-dsym";
				ENABLE_NS_ASSERTIONS = NO;
				ENABLE_STRICT_OBJC_MSGSEND = YES;
				GCC_C_LANGUAGE_STANDARD = gnu99;
				GCC_NO_COMMON_BLOCKS = YES;
				GCC_WARN_64_TO_32_BIT_CONVERSION = YES;
				GCC_WARN_ABOUT_RETURN_TYPE = YES_ERROR;
				GCC_WARN_UNDECLARED_SELECTOR = YES;
				GCC_WARN_UNINITIALIZED_AUTOS = YES_AGGRESSIVE;
				GCC_WARN_UNUSED_FUNCTION = YES;
				GCC_WARN_UNUSED_VARIABLE = YES;
				IPHONEOS_DEPLOYMENT_TARGET = 8.4;
				MTL_ENABLE_DEBUG_INFO = NO;
				SDKROOT = iphoneos;
				TARGETED_DEVICE_FAMILY = "1,2";
				VALIDATE_PRODUCT = YES;
			};
			name = Release;
		};
		BCE8C2111BEA412500EFDC9B /* Debug */ = {
			isa = XCBuildConfiguration;
			buildSettings = {
				ASSETCATALOG_COMPILER_APPICON_NAME = AppIcon;
				INFOPLIST_FILE = LoginDemo/Info.plist;
				LD_RUNPATH_SEARCH_PATHS = "$(inherited) @executable_path/Frameworks";
				PRODUCT_NAME = "$(TARGET_NAME)";
			};
			name = Debug;
		};
		BCE8C2121BEA412500EFDC9B /* Release */ = {
			isa = XCBuildConfiguration;
			buildSettings = {
				ASSETCATALOG_COMPILER_APPICON_NAME = AppIcon;
				INFOPLIST_FILE = LoginDemo/Info.plist;
				LD_RUNPATH_SEARCH_PATHS = "$(inherited) @executable_path/Frameworks";
				PRODUCT_NAME = "$(TARGET_NAME)";
			};
			name = Release;
		};
		BCE8C2141BEA412500EFDC9B /* Debug */ = {
			isa = XCBuildConfiguration;
			buildSettings = {
				BUNDLE_LOADER = "$(TEST_HOST)";
				FRAMEWORK_SEARCH_PATHS = (
					"$(SDKROOT)/Developer/Library/Frameworks",
					"$(inherited)",
				);
				GCC_PREPROCESSOR_DEFINITIONS = (
					"DEBUG=1",
					"$(inherited)",
				);
				INFOPLIST_FILE = LoginDemoTests/Info.plist;
				LD_RUNPATH_SEARCH_PATHS = "$(inherited) @executable_path/Frameworks @loader_path/Frameworks";
				PRODUCT_NAME = "$(TARGET_NAME)";
				TEST_HOST = "$(BUILT_PRODUCTS_DIR)/LoginDemo.app/LoginDemo";
			};
			name = Debug;
		};
		BCE8C2151BEA412500EFDC9B /* Release */ = {
			isa = XCBuildConfiguration;
			buildSettings = {
				BUNDLE_LOADER = "$(TEST_HOST)";
				FRAMEWORK_SEARCH_PATHS = (
					"$(SDKROOT)/Developer/Library/Frameworks",
					"$(inherited)",
				);
				INFOPLIST_FILE = LoginDemoTests/Info.plist;
				LD_RUNPATH_SEARCH_PATHS = "$(inherited) @executable_path/Frameworks @loader_path/Frameworks";
				PRODUCT_NAME = "$(TARGET_NAME)";
				TEST_HOST = "$(BUILT_PRODUCTS_DIR)/LoginDemo.app/LoginDemo";
			};
			name = Release;
		};
/* End XCBuildConfiguration section */

/* Begin XCConfigurationList section */
		BCE8C1E81BEA412500EFDC9B /* Build configuration list for PBXProject "LoginDemo" */ = {
			isa = XCConfigurationList;
			buildConfigurations = (
				BCE8C20E1BEA412500EFDC9B /* Debug */,
				BCE8C20F1BEA412500EFDC9B /* Release */,
			);
			defaultConfigurationIsVisible = 0;
			defaultConfigurationName = Release;
		};
		BCE8C2101BEA412500EFDC9B /* Build configuration list for PBXNativeTarget "LoginDemo" */ = {
			isa = XCConfigurationList;
			buildConfigurations = (
				BCE8C2111BEA412500EFDC9B /* Debug */,
				BCE8C2121BEA412500EFDC9B /* Release */,
			);
			defaultConfigurationIsVisible = 0;
		};
		BCE8C2131BEA412500EFDC9B /* Build configuration list for PBXNativeTarget "LoginDemoTests" */ = {
			isa = XCConfigurationList;
			buildConfigurations = (
				BCE8C2141BEA412500EFDC9B /* Debug */,
				BCE8C2151BEA412500EFDC9B /* Release */,
			);
			defaultConfigurationIsVisible = 0;
		};
/* End XCConfigurationList section */
	};
	rootObject = BCE8C1E51BEA412500EFDC9B /* Project object */;
}
